
Microsoft Visual Studio Solution File, Format Version 12.00
# Visual Studio Version 17
VisualStudioVersion = 17.11.35327.3
MinimumVisualStudioVersion = 10.0.40219.1
Project("{FAE04EC0-301F-11D3-BF4B-00C04F79EFBC}") = "VincenteWilliamsA7", "VincenteWilliamsA7.csproj", "{B39CC775-D784-4A81-B57E-3BCE5B5CBFCC}"
EndProject
Global
	GlobalSection(SolutionConfigurationPlatforms) = preSolution
		Debug|Any CPU = Debug|Any CPU
		Release|Any CPU = Release|Any CPU
	EndGlobalSection
	GlobalSection(ProjectConfigurationPlatforms) = postSolution
		{B39CC775-D784-4A81-B57E-3BCE5B5CBFCC}.Debug|Any CPU.ActiveCfg = Debug|Any CPU
		{B39CC775-D784-4A81-B57E-3BCE5B5CBFCC}.Debug|Any CPU.Build.0 = Debug|Any CPU
		{B39CC775-D784-4A81-B57E-3BCE5B5CBFCC}.Release|Any CPU.ActiveCfg = Release|Any CPU
		{B39CC775-D784-4A81-B57E-3BCE5B5CBFCC}.Release|Any CPU.Build.0 = Release|Any CPU
	EndGlobalSection
	GlobalSection(SolutionProperties) = preSolution
		HideSolutionNode = FALSE
	EndGlobalSection
	GlobalSection(ExtensibilityGlobals) = postSolution
		SolutionGuid = {94C55B46-0927-4D9F-8BE6-CC32E9B9883B}
	EndGlobalSection
EndGlobal
